
Microsoft Visual Studio Solution File, Format Version 12.00
# Visual Studio Version 17
VisualStudioVersion = 17.14.36301.6
MinimumVisualStudioVersion = 10.0.40219.1
Project("{FAE04EC0-301F-11D3-BF4B-00C04F79EFBC}") = "IdentityService.Api", "IdentityService.Api\IdentityService.Api.csproj", "{2295A80E-A58F-42BB-BCB1-C2F7CECC298E}"
EndProject
Project("{FAE04EC0-301F-11D3-BF4B-00C04F79EFBC}") = "IdentityService.Api.Contracts", "IdentityService.Api.Contracts\IdentityService.Api.Contracts.csproj", "{CCC0F1A3-13BF-4608-867B-CB098F5F4267}"
EndProject
Project("{FAE04EC0-301F-11D3-BF4B-00C04F79EFBC}") = "IdentityService.Application", "IdentityService.Application\IdentityService.Application.csproj", "{1A54C366-2C57-448F-AF68-06F0396AA917}"
EndProject
Project("{FAE04EC0-301F-11D3-BF4B-00C04F79EFBC}") = "IdentityService.Domain", "IdentityService.Domain\IdentityService.Domain.csproj", "{C981F241-C1B1-41F4-B7C1-181B7386F8A6}"
EndProject
Project("{FAE04EC0-301F-11D3-BF4B-00C04F79EFBC}") = "IdentityService.Infrastructure", "IdentityService.Infrastructure\IdentityService.Infrastructure.csproj", "{40C7CE5A-0829-4075-AE34-918680CCFBE9}"
EndProject
Global
	GlobalSection(SolutionConfigurationPlatforms) = preSolution
		Debug|Any CPU = Debug|Any CPU
		Release|Any CPU = Release|Any CPU
	EndGlobalSection
	GlobalSection(ProjectConfigurationPlatforms) = postSolution
		{2295A80E-A58F-42BB-BCB1-C2F7CECC298E}.Debug|Any CPU.ActiveCfg = Debug|Any CPU
		{2295A80E-A58F-42BB-BCB1-C2F7CECC298E}.Debug|Any CPU.Build.0 = Debug|Any CPU
		{2295A80E-A58F-42BB-BCB1-C2F7CECC298E}.Release|Any CPU.ActiveCfg = Release|Any CPU
		{2295A80E-A58F-42BB-BCB1-C2F7CECC298E}.Release|Any CPU.Build.0 = Release|Any CPU
		{CCC0F1A3-13BF-4608-867B-CB098F5F4267}.Debug|Any CPU.ActiveCfg = Debug|Any CPU
		{CCC0F1A3-13BF-4608-867B-CB098F5F4267}.Debug|Any CPU.Build.0 = Debug|Any CPU
		{CCC0F1A3-13BF-4608-867B-CB098F5F4267}.Release|Any CPU.ActiveCfg = Release|Any CPU
		{CCC0F1A3-13BF-4608-867B-CB098F5F4267}.Release|Any CPU.Build.0 = Release|Any CPU
		{1A54C366-2C57-448F-AF68-06F0396AA917}.Debug|Any CPU.ActiveCfg = Debug|Any CPU
		{1A54C366-2C57-448F-AF68-06F0396AA917}.Debug|Any CPU.Build.0 = Debug|Any CPU
		{1A54C366-2C57-448F-AF68-06F0396AA917}.Release|Any CPU.ActiveCfg = Release|Any CPU
		{1A54C366-2C57-448F-AF68-06F0396AA917}.Release|Any CPU.Build.0 = Release|Any CPU
		{C981F241-C1B1-41F4-B7C1-181B7386F8A6}.Debug|Any CPU.ActiveCfg = Debug|Any CPU
		{C981F241-C1B1-41F4-B7C1-181B7386F8A6}.Debug|Any CPU.Build.0 = Debug|Any CPU
		{C981F241-C1B1-41F4-B7C1-181B7386F8A6}.Release|Any CPU.ActiveCfg = Release|Any CPU
		{C981F241-C1B1-41F4-B7C1-181B7386F8A6}.Release|Any CPU.Build.0 = Release|Any CPU
		{40C7CE5A-0829-4075-AE34-918680CCFBE9}.Debug|Any CPU.ActiveCfg = Debug|Any CPU
		{40C7CE5A-0829-4075-AE34-918680CCFBE9}.Debug|Any CPU.Build.0 = Debug|Any CPU
		{40C7CE5A-0829-4075-AE34-918680CCFBE9}.Release|Any CPU.ActiveCfg = Release|Any CPU
		{40C7CE5A-0829-4075-AE34-918680CCFBE9}.Release|Any CPU.Build.0 = Release|Any CPU
	EndGlobalSection
	GlobalSection(SolutionProperties) = preSolution
		HideSolutionNode = FALSE
	EndGlobalSection
	GlobalSection(ExtensibilityGlobals) = postSolution
		SolutionGuid = {4A76C072-84D7-4978-A424-8D81825D2BD9}
	EndGlobalSection
EndGlobal
